
Microsoft Visual Studio Solution File, Format Version 12.00
# Visual Studio 15
VisualStudioVersion = 15.0.27004.2010
MinimumVisualStudioVersion = 10.0.40219.1
Project("{FAE04EC0-301F-11D3-BF4B-00C04F79EFBC}") = "FaturaHesaplamaProgramı", "FaturaHesaplamaProgramı\FaturaHesaplamaProgramı.csproj", "{24A923EE-27C2-4FD6-B39C-C5AF59E2BF68}"
EndProject
Global
	GlobalSection(SolutionConfigurationPlatforms) = preSolution
		Debug|Any CPU = Debug|Any CPU
		Release|Any CPU = Release|Any CPU
	EndGlobalSection
	GlobalSection(ProjectConfigurationPlatforms) = postSolution
		{24A923EE-27C2-4FD6-B39C-C5AF59E2BF68}.Debug|Any CPU.ActiveCfg = Debug|Any CPU
		{24A923EE-27C2-4FD6-B39C-C5AF59E2BF68}.Debug|Any CPU.Build.0 = Debug|Any CPU
		{24A923EE-27C2-4FD6-B39C-C5AF59E2BF68}.Release|Any CPU.ActiveCfg = Release|Any CPU
		{24A923EE-27C2-4FD6-B39C-C5AF59E2BF68}.Release|Any CPU.Build.0 = Release|Any CPU
	EndGlobalSection
	GlobalSection(SolutionProperties) = preSolution
		HideSolutionNode = FALSE
	EndGlobalSection
	GlobalSection(ExtensibilityGlobals) = postSolution
		SolutionGuid = {680C5458-ABBA-48A8-AE77-D1AC4A581684}
	EndGlobalSection
EndGlobal
